// !$*UTF8*$!
{
	archiveVersion = 1;
	classes = {
	};
	objectVersion = 46;
	objects = {

/* Begin PBXBuildFile section */
		048097C31AE7F9A800C6DB14 /* DataManager.m in Sources */ = {isa = PBXBuildFile; fileRef = 048097C01AE7F9A800C6DB14 /* DataManager.m */; };
		048097C41AE7F9A800C6DB14 /* TSUtilities.m in Sources */ = {isa = PBXBuildFile; fileRef = 048097C21AE7F9A800C6DB14 /* TSUtilities.m */; };
		048097C71AE7F9BB00C6DB14 /* TSDefinitions.m in Sources */ = {isa = PBXBuildFile; fileRef = 048097C61AE7F9BB00C6DB14 /* TSDefinitions.m */; };
		048097C91AE7F9C500C6DB14 /* Localizable.strings in Resources */ = {isa = PBXBuildFile; fileRef = 048097C81AE7F9C500C6DB14 /* Localizable.strings */; };
		048097CC1AE7F9DE00C6DB14 /* TSCurrency.m in Sources */ = {isa = PBXBuildFile; fileRef = 048097CB1AE7F9DE00C6DB14 /* TSCurrency.m */; };
		048097D11AE7F9F900C6DB14 /* TSTabUser.m in Sources */ = {isa = PBXBuildFile; fileRef = 048097CE1AE7F9F900C6DB14 /* TSTabUser.m */; };
		048097D21AE7F9F900C6DB14 /* TSUser.m in Sources */ = {isa = PBXBuildFile; fileRef = 048097D01AE7F9F900C6DB14 /* TSUser.m */; };
		048097D51AE7FA4B00C6DB14 /* FormBillTableViewController.m in Sources */ = {isa = PBXBuildFile; fileRef = 048097D41AE7FA4B00C6DB14 /* FormBillTableViewController.m */; };
		048097D81AE7FA9500C6DB14 /* TSSplitController.m in Sources */ = {isa = PBXBuildFile; fileRef = 048097D71AE7FA9500C6DB14 /* TSSplitController.m */; };
		048097DC1AE7FB3B00C6DB14 /* AppDelegate.m in Sources */ = {isa = PBXBuildFile; fileRef = 048097DA1AE7FB3B00C6DB14 /* AppDelegate.m */; };
		048097DD1AE7FB3B00C6DB14 /* Images.xcassets in Resources */ = {isa = PBXBuildFile; fileRef = 048097DB1AE7FB3B00C6DB14 /* Images.xcassets */; };
		048097F41AE7FBC500C6DB14 /* LaunchScreen.xib in Resources */ = {isa = PBXBuildFile; fileRef = 048097F21AE7FBC500C6DB14 /* LaunchScreen.xib */; };
		048097F51AE7FBC500C6DB14 /* Main.storyboard in Resources */ = {isa = PBXBuildFile; fileRef = 048097F31AE7FBC500C6DB14 /* Main.storyboard */; };
		048097F81AE7FBF400C6DB14 /* StaticDataTableViewController.m in Sources */ = {isa = PBXBuildFile; fileRef = 048097F71AE7FBF400C6DB14 /* StaticDataTableViewController.m */; };
		048097FB1AE7FC1A00C6DB14 /* Info.plist in Resources */ = {isa = PBXBuildFile; fileRef = 048097F91AE7FC1A00C6DB14 /* Info.plist */; };
		048097FC1AE7FC1A00C6DB14 /* main.m in Sources */ = {isa = PBXBuildFile; fileRef = 048097FA1AE7FC1A00C6DB14 /* main.m */; };
		048098021AE7FC4A00C6DB14 /* Info.plist in Resources */ = {isa = PBXBuildFile; fileRef = 048098011AE7FC4A00C6DB14 /* Info.plist */; };
		048098051AE7FD1100C6DB14 /* MCSFareSplitterTests.m in Sources */ = {isa = PBXBuildFile; fileRef = 048098031AE7FD1100C6DB14 /* MCSFareSplitterTests.m */; };
		048098061AE7FD1100C6DB14 /* SplitterTests.m in Sources */ = {isa = PBXBuildFile; fileRef = 048098041AE7FD1100C6DB14 /* SplitterTests.m */; };
		0483ECF81AED3C7C00BD6DFC /* TSTabController.m in Sources */ = {isa = PBXBuildFile; fileRef = 0483ECF71AED3C7C00BD6DFC /* TSTabController.m */; };
		0483ECFB1AEDAD3900BD6DFC /* TabsViewController.m in Sources */ = {isa = PBXBuildFile; fileRef = 0483ECFA1AEDAD3900BD6DFC /* TabsViewController.m */; };
		04C825871AE941F000237635 /* FriendsInTabViewController.m in Sources */ = {isa = PBXBuildFile; fileRef = 04C825861AE941F000237635 /* FriendsInTabViewController.m */; };
		04C8258D1AECAE3D00237635 /* SplitTabViewController.m in Sources */ = {isa = PBXBuildFile; fileRef = 04C8258C1AECAE3D00237635 /* SplitTabViewController.m */; };
		04C825901AECAE9600237635 /* TSLoginViewController.m in Sources */ = {isa = PBXBuildFile; fileRef = 04C8258F1AECAE9600237635 /* TSLoginViewController.m */; };
		04C825921AECB3B300237635 /* Bolts.framework in Frameworks */ = {isa = PBXBuildFile; fileRef = 04C825911AECB3B300237635 /* Bolts.framework */; };
		04C825951AED43E300237635 /* SplitAmountTabTableViewCell.m in Sources */ = {isa = PBXBuildFile; fileRef = 04C825941AED43E300237635 /* SplitAmountTabTableViewCell.m */; };
		04C825981AED505C00237635 /* SplitByAmountTableViewCell.m in Sources */ = {isa = PBXBuildFile; fileRef = 04C825971AED505C00237635 /* SplitByAmountTableViewCell.m */; };
		04C8259B1AED507D00237635 /* SplitByPercentageTableViewCell.m in Sources */ = {isa = PBXBuildFile; fileRef = 04C8259A1AED507D00237635 /* SplitByPercentageTableViewCell.m */; };
		04C8259E1AED50A100237635 /* SplitByItemsTableViewCell.m in Sources */ = {isa = PBXBuildFile; fileRef = 04C8259D1AED50A100237635 /* SplitByItemsTableViewCell.m */; };
		04C825A21AEDA7FB00237635 /* HomeViewController.m in Sources */ = {isa = PBXBuildFile; fileRef = 04C825A11AEDA7FB00237635 /* HomeViewController.m */; };
		04FD49C11AEDC58500D46DD2 /* Notifications.m in Sources */ = {isa = PBXBuildFile; fileRef = 04FD49C01AEDC58500D46DD2 /* Notifications.m */; };
		98400D0B1AF1256600686B62 /* Reachability.m in Sources */ = {isa = PBXBuildFile; fileRef = 98400D0A1AF1256600686B62 /* Reachability.m */; };
		987FCD551AEE6FE700A5D50D /* SettingsTableViewController.m in Sources */ = {isa = PBXBuildFile; fileRef = 987FCD541AEE6FE700A5D50D /* SettingsTableViewController.m */; };
		987FCD581AEE8F3B00A5D50D /* ContactsTableViewController.m in Sources */ = {isa = PBXBuildFile; fileRef = 987FCD571AEE8F3B00A5D50D /* ContactsTableViewController.m */; };
		98805F801AECAB8E00EB2A05 /* FBSDKCoreKit.framework in Frameworks */ = {isa = PBXBuildFile; fileRef = 98805F7D1AECAB8E00EB2A05 /* FBSDKCoreKit.framework */; };
		98805F811AECAB8E00EB2A05 /* FBSDKLoginKit.framework in Frameworks */ = {isa = PBXBuildFile; fileRef = 98805F7E1AECAB8E00EB2A05 /* FBSDKLoginKit.framework */; };
		98805F821AECAB8E00EB2A05 /* FBSDKShareKit.framework in Frameworks */ = {isa = PBXBuildFile; fileRef = 98805F7F1AECAB8E00EB2A05 /* FBSDKShareKit.framework */; };
		98A443941AEA8ECE00339D0E /* TSAccount.m in Sources */ = {isa = PBXBuildFile; fileRef = 98A4438D1AEA8ECE00339D0E /* TSAccount.m */; };
		98A443951AEA8ECE00339D0E /* TSItem.m in Sources */ = {isa = PBXBuildFile; fileRef = 98A4438F1AEA8ECE00339D0E /* TSItem.m */; };
		98A443961AEA8ECE00339D0E /* TSTab.m in Sources */ = {isa = PBXBuildFile; fileRef = 98A443911AEA8ECE00339D0E /* TSTab.m */; };
		98A443971AEA8ECE00339D0E /* TSTransaction.m in Sources */ = {isa = PBXBuildFile; fileRef = 98A443931AEA8ECE00339D0E /* TSTransaction.m */; };
		98A4439A1AEA92BD00339D0E /* TSUserTabSplit.m in Sources */ = {isa = PBXBuildFile; fileRef = 98A443991AEA92BD00339D0E /* TSUserTabSplit.m */; };
		98BE94241AED3E0F003BB045 /* TSFacebookController.m in Sources */ = {isa = PBXBuildFile; fileRef = 98BE94231AED3E0F003BB045 /* TSFacebookController.m */; };
		98BE94261AED4460003BB045 /* AddressBook.framework in Frameworks */ = {isa = PBXBuildFile; fileRef = 98BE94251AED4460003BB045 /* AddressBook.framework */; };
		98BE94291AED4866003BB045 /* TSContactsManager.m in Sources */ = {isa = PBXBuildFile; fileRef = 98BE94281AED4866003BB045 /* TSContactsManager.m */; };
		98F93F2A1AE15DF700BD514F /* MCSTabSplitter.xcdatamodeld in Sources */ = {isa = PBXBuildFile; fileRef = 98F93F281AE15DF700BD514F /* MCSTabSplitter.xcdatamodeld */; };
/* End PBXBuildFile section */

/* Begin PBXContainerItemProxy section */
		98F93F3B1AE15DF700BD514F /* PBXContainerItemProxy */ = {
			isa = PBXContainerItemProxy;
			containerPortal = 98F93F161AE15DF700BD514F /* Project object */;
			proxyType = 1;
			remoteGlobalIDString = 98F93F1D1AE15DF700BD514F;
			remoteInfo = MCSFareSplitter;
		};
/* End PBXContainerItemProxy section */

/* Begin PBXCopyFilesBuildPhase section */
		98F93F821AE1613F00BD514F /* Embed App Extensions */ = {
			isa = PBXCopyFilesBuildPhase;
			buildActionMask = 2147483647;
			dstPath = "";
			dstSubfolderSpec = 13;
			files = (
			);
			name = "Embed App Extensions";
			runOnlyForDeploymentPostprocessing = 0;
		};
/* End PBXCopyFilesBuildPhase section */

/* Begin PBXFileReference section */
		048097BF1AE7F9A800C6DB14 /* DataManager.h */ = {isa = PBXFileReference; fileEncoding = 4; lastKnownFileType = sourcecode.c.h; name = DataManager.h; path = MCSTabSplitter/Singletons/DataManager.h; sourceTree = SOURCE_ROOT; };
		048097C01AE7F9A800C6DB14 /* DataManager.m */ = {isa = PBXFileReference; fileEncoding = 4; lastKnownFileType = sourcecode.c.objc; name = DataManager.m; path = MCSTabSplitter/Singletons/DataManager.m; sourceTree = SOURCE_ROOT; };
		048097C11AE7F9A800C6DB14 /* TSUtilities.h */ = {isa = PBXFileReference; fileEncoding = 4; lastKnownFileType = sourcecode.c.h; name = TSUtilities.h; path = MCSTabSplitter/Singletons/TSUtilities.h; sourceTree = SOURCE_ROOT; };
		048097C21AE7F9A800C6DB14 /* TSUtilities.m */ = {isa = PBXFileReference; fileEncoding = 4; lastKnownFileType = sourcecode.c.objc; name = TSUtilities.m; path = MCSTabSplitter/Singletons/TSUtilities.m; sourceTree = SOURCE_ROOT; };
		048097C51AE7F9BB00C6DB14 /* TSDefinitions.h */ = {isa = PBXFileReference; fileEncoding = 4; lastKnownFileType = sourcecode.c.h; name = TSDefinitions.h; path = MCSTabSplitter/Resources/Definitions/TSDefinitions.h; sourceTree = SOURCE_ROOT; };
		048097C61AE7F9BB00C6DB14 /* TSDefinitions.m */ = {isa = PBXFileReference; fileEncoding = 4; lastKnownFileType = sourcecode.c.objc; name = TSDefinitions.m; path = MCSTabSplitter/Resources/Definitions/TSDefinitions.m; sourceTree = SOURCE_ROOT; };
		048097C81AE7F9C500C6DB14 /* Localizable.strings */ = {isa = PBXFileReference; fileEncoding = 4; lastKnownFileType = text.plist.strings; name = Localizable.strings; path = MCSTabSplitter/Resources/Localization/Localizable.strings; sourceTree = SOURCE_ROOT; };
		048097CA1AE7F9DE00C6DB14 /* TSCurrency.h */ = {isa = PBXFileReference; fileEncoding = 4; lastKnownFileType = sourcecode.c.h; name = TSCurrency.h; path = MCSTabSplitter/Models/General/TSCurrency.h; sourceTree = SOURCE_ROOT; };
		048097CB1AE7F9DE00C6DB14 /* TSCurrency.m */ = {isa = PBXFileReference; fileEncoding = 4; lastKnownFileType = sourcecode.c.objc; name = TSCurrency.m; path = MCSTabSplitter/Models/General/TSCurrency.m; sourceTree = SOURCE_ROOT; };
		048097CD1AE7F9F900C6DB14 /* TSTabUser.h */ = {isa = PBXFileReference; fileEncoding = 4; lastKnownFileType = sourcecode.c.h; name = TSTabUser.h; path = "MCSTabSplitter/Models/Data Manager/TSTabUser.h"; sourceTree = SOURCE_ROOT; };
		048097CE1AE7F9F900C6DB14 /* TSTabUser.m */ = {isa = PBXFileReference; fileEncoding = 4; lastKnownFileType = sourcecode.c.objc; name = TSTabUser.m; path = "MCSTabSplitter/Models/Data Manager/TSTabUser.m"; sourceTree = SOURCE_ROOT; };
		048097CF1AE7F9F900C6DB14 /* TSUser.h */ = {isa = PBXFileReference; fileEncoding = 4; lastKnownFileType = sourcecode.c.h; name = TSUser.h; path = "MCSTabSplitter/Models/Data Manager/TSUser.h"; sourceTree = SOURCE_ROOT; };
		048097D01AE7F9F900C6DB14 /* TSUser.m */ = {isa = PBXFileReference; fileEncoding = 4; lastKnownFileType = sourcecode.c.objc; name = TSUser.m; path = "MCSTabSplitter/Models/Data Manager/TSUser.m"; sourceTree = SOURCE_ROOT; };
		048097D31AE7FA4B00C6DB14 /* FormBillTableViewController.h */ = {isa = PBXFileReference; fileEncoding = 4; lastKnownFileType = sourcecode.c.h; name = FormBillTableViewController.h; path = MCSTabSplitter/Views/Tabs/FormBillTableViewController.h; sourceTree = SOURCE_ROOT; };
		048097D41AE7FA4B00C6DB14 /* FormBillTableViewController.m */ = {isa = PBXFileReference; fileEncoding = 4; lastKnownFileType = sourcecode.c.objc; name = FormBillTableViewController.m; path = MCSTabSplitter/Views/Tabs/FormBillTableViewController.m; sourceTree = SOURCE_ROOT; };
		048097D61AE7FA9500C6DB14 /* TSSplitController.h */ = {isa = PBXFileReference; fileEncoding = 4; lastKnownFileType = sourcecode.c.h; name = TSSplitController.h; path = MCSTabSplitter/Controllers/Splitter/TSSplitController.h; sourceTree = SOURCE_ROOT; };
		048097D71AE7FA9500C6DB14 /* TSSplitController.m */ = {isa = PBXFileReference; fileEncoding = 4; lastKnownFileType = sourcecode.c.objc; name = TSSplitController.m; path = MCSTabSplitter/Controllers/Splitter/TSSplitController.m; sourceTree = SOURCE_ROOT; };
		048097D91AE7FB3B00C6DB14 /* AppDelegate.h */ = {isa = PBXFileReference; fileEncoding = 4; lastKnownFileType = sourcecode.c.h; name = AppDelegate.h; path = MCSTabSplitter/AppDelegate.h; sourceTree = SOURCE_ROOT; };
		048097DA1AE7FB3B00C6DB14 /* AppDelegate.m */ = {isa = PBXFileReference; fileEncoding = 4; lastKnownFileType = sourcecode.c.objc; name = AppDelegate.m; path = MCSTabSplitter/AppDelegate.m; sourceTree = SOURCE_ROOT; };
		048097DB1AE7FB3B00C6DB14 /* Images.xcassets */ = {isa = PBXFileReference; lastKnownFileType = folder.assetcatalog; name = Images.xcassets; path = MCSTabSplitter/Images.xcassets; sourceTree = SOURCE_ROOT; };
		048097F21AE7FBC500C6DB14 /* LaunchScreen.xib */ = {isa = PBXFileReference; fileEncoding = 4; lastKnownFileType = file.xib; name = LaunchScreen.xib; path = MCSTabSplitter/LaunchScreen.xib; sourceTree = SOURCE_ROOT; };
		048097F31AE7FBC500C6DB14 /* Main.storyboard */ = {isa = PBXFileReference; fileEncoding = 4; lastKnownFileType = file.storyboard; name = Main.storyboard; path = MCSTabSplitter/Main.storyboard; sourceTree = SOURCE_ROOT; };
		048097F61AE7FBF400C6DB14 /* StaticDataTableViewController.h */ = {isa = PBXFileReference; fileEncoding = 4; lastKnownFileType = sourcecode.c.h; name = StaticDataTableViewController.h; path = "MCSTabSplitter/Third Party/StaticDataTableViewController/StaticDataTableViewController.h"; sourceTree = SOURCE_ROOT; };
		048097F71AE7FBF400C6DB14 /* StaticDataTableViewController.m */ = {isa = PBXFileReference; fileEncoding = 4; lastKnownFileType = sourcecode.c.objc; name = StaticDataTableViewController.m; path = "MCSTabSplitter/Third Party/StaticDataTableViewController/StaticDataTableViewController.m"; sourceTree = SOURCE_ROOT; };
		048097F91AE7FC1A00C6DB14 /* Info.plist */ = {isa = PBXFileReference; fileEncoding = 4; lastKnownFileType = text.plist.xml; name = Info.plist; path = MCSTabSplitter/Info.plist; sourceTree = SOURCE_ROOT; };
		048097FA1AE7FC1A00C6DB14 /* main.m */ = {isa = PBXFileReference; fileEncoding = 4; lastKnownFileType = sourcecode.c.objc; name = main.m; path = MCSTabSplitter/main.m; sourceTree = SOURCE_ROOT; };
		048098011AE7FC4A00C6DB14 /* Info.plist */ = {isa = PBXFileReference; fileEncoding = 4; lastKnownFileType = text.plist.xml; name = Info.plist; path = MCSTabSplitterTests/Info.plist; sourceTree = SOURCE_ROOT; };
		048098031AE7FD1100C6DB14 /* MCSFareSplitterTests.m */ = {isa = PBXFileReference; fileEncoding = 4; lastKnownFileType = sourcecode.c.objc; name = MCSFareSplitterTests.m; path = MCSTabSplitterTests/MCSFareSplitterTests.m; sourceTree = SOURCE_ROOT; };
		048098041AE7FD1100C6DB14 /* SplitterTests.m */ = {isa = PBXFileReference; fileEncoding = 4; lastKnownFileType = sourcecode.c.objc; name = SplitterTests.m; path = MCSTabSplitterTests/SplitterTests.m; sourceTree = SOURCE_ROOT; };
		0483ECF61AED3C7C00BD6DFC /* TSTabController.h */ = {isa = PBXFileReference; fileEncoding = 4; lastKnownFileType = sourcecode.c.h; name = TSTabController.h; path = MCSTabSplitter/Controllers/Tabs/TSTabController.h; sourceTree = SOURCE_ROOT; };
		0483ECF71AED3C7C00BD6DFC /* TSTabController.m */ = {isa = PBXFileReference; fileEncoding = 4; lastKnownFileType = sourcecode.c.objc; name = TSTabController.m; path = MCSTabSplitter/Controllers/Tabs/TSTabController.m; sourceTree = SOURCE_ROOT; };
		0483ECF91AEDAD3900BD6DFC /* TabsViewController.h */ = {isa = PBXFileReference; fileEncoding = 4; lastKnownFileType = sourcecode.c.h; name = TabsViewController.h; path = MCSTabSplitter/Views/Tabs/TabsViewController.h; sourceTree = SOURCE_ROOT; };
		0483ECFA1AEDAD3900BD6DFC /* TabsViewController.m */ = {isa = PBXFileReference; fileEncoding = 4; lastKnownFileType = sourcecode.c.objc; name = TabsViewController.m; path = MCSTabSplitter/Views/Tabs/TabsViewController.m; sourceTree = SOURCE_ROOT; };
		04C825851AE941F000237635 /* FriendsInTabViewController.h */ = {isa = PBXFileReference; fileEncoding = 4; lastKnownFileType = sourcecode.c.h; name = FriendsInTabViewController.h; path = MCSTabSplitter/Views/Tabs/FriendsInTabViewController.h; sourceTree = SOURCE_ROOT; };
		04C825861AE941F000237635 /* FriendsInTabViewController.m */ = {isa = PBXFileReference; fileEncoding = 4; lastKnownFileType = sourcecode.c.objc; name = FriendsInTabViewController.m; path = MCSTabSplitter/Views/Tabs/FriendsInTabViewController.m; sourceTree = SOURCE_ROOT; };
		04C8258B1AECAE3D00237635 /* SplitTabViewController.h */ = {isa = PBXFileReference; fileEncoding = 4; lastKnownFileType = sourcecode.c.h; name = SplitTabViewController.h; path = MCSTabSplitter/Views/Tabs/SplitTabViewController.h; sourceTree = SOURCE_ROOT; };
		04C8258C1AECAE3D00237635 /* SplitTabViewController.m */ = {isa = PBXFileReference; fileEncoding = 4; lastKnownFileType = sourcecode.c.objc; name = SplitTabViewController.m; path = MCSTabSplitter/Views/Tabs/SplitTabViewController.m; sourceTree = SOURCE_ROOT; };
		04C8258E1AECAE9600237635 /* TSLoginViewController.h */ = {isa = PBXFileReference; fileEncoding = 4; lastKnownFileType = sourcecode.c.h; name = TSLoginViewController.h; path = MCSTabSplitter/Views/Login/TSLoginViewController.h; sourceTree = SOURCE_ROOT; };
		04C8258F1AECAE9600237635 /* TSLoginViewController.m */ = {isa = PBXFileReference; fileEncoding = 4; lastKnownFileType = sourcecode.c.objc; name = TSLoginViewController.m; path = MCSTabSplitter/Views/Login/TSLoginViewController.m; sourceTree = SOURCE_ROOT; };
		04C825911AECB3B300237635 /* Bolts.framework */ = {isa = PBXFileReference; lastKnownFileType = wrapper.framework; path = Bolts.framework; sourceTree = SOURCE_ROOT; };
		04C825931AED43E300237635 /* SplitAmountTabTableViewCell.h */ = {isa = PBXFileReference; fileEncoding = 4; lastKnownFileType = sourcecode.c.h; name = SplitAmountTabTableViewCell.h; path = MCSTabSplitter/Views/Tabs/SplitAmountTabTableViewCell.h; sourceTree = SOURCE_ROOT; };
		04C825941AED43E300237635 /* SplitAmountTabTableViewCell.m */ = {isa = PBXFileReference; fileEncoding = 4; lastKnownFileType = sourcecode.c.objc; name = SplitAmountTabTableViewCell.m; path = MCSTabSplitter/Views/Tabs/SplitAmountTabTableViewCell.m; sourceTree = SOURCE_ROOT; };
		04C825961AED505C00237635 /* SplitByAmountTableViewCell.h */ = {isa = PBXFileReference; fileEncoding = 4; lastKnownFileType = sourcecode.c.h; name = SplitByAmountTableViewCell.h; path = MCSTabSplitter/Views/Tabs/SplitByAmountTableViewCell.h; sourceTree = SOURCE_ROOT; };
		04C825971AED505C00237635 /* SplitByAmountTableViewCell.m */ = {isa = PBXFileReference; fileEncoding = 4; lastKnownFileType = sourcecode.c.objc; name = SplitByAmountTableViewCell.m; path = MCSTabSplitter/Views/Tabs/SplitByAmountTableViewCell.m; sourceTree = SOURCE_ROOT; };
		04C825991AED507D00237635 /* SplitByPercentageTableViewCell.h */ = {isa = PBXFileReference; fileEncoding = 4; lastKnownFileType = sourcecode.c.h; name = SplitByPercentageTableViewCell.h; path = MCSTabSplitter/Views/Tabs/SplitByPercentageTableViewCell.h; sourceTree = SOURCE_ROOT; };
		04C8259A1AED507D00237635 /* SplitByPercentageTableViewCell.m */ = {isa = PBXFileReference; fileEncoding = 4; lastKnownFileType = sourcecode.c.objc; name = SplitByPercentageTableViewCell.m; path = MCSTabSplitter/Views/Tabs/SplitByPercentageTableViewCell.m; sourceTree = SOURCE_ROOT; };
		04C8259C1AED50A100237635 /* SplitByItemsTableViewCell.h */ = {isa = PBXFileReference; fileEncoding = 4; lastKnownFileType = sourcecode.c.h; name = SplitByItemsTableViewCell.h; path = MCSTabSplitter/Views/Tabs/SplitByItemsTableViewCell.h; sourceTree = SOURCE_ROOT; };
		04C8259D1AED50A100237635 /* SplitByItemsTableViewCell.m */ = {isa = PBXFileReference; fileEncoding = 4; lastKnownFileType = sourcecode.c.objc; name = SplitByItemsTableViewCell.m; path = MCSTabSplitter/Views/Tabs/SplitByItemsTableViewCell.m; sourceTree = SOURCE_ROOT; };
		04C825A01AEDA7FB00237635 /* HomeViewController.h */ = {isa = PBXFileReference; fileEncoding = 4; lastKnownFileType = sourcecode.c.h; name = HomeViewController.h; path = MCSTabSplitter/Views/Home/HomeViewController.h; sourceTree = SOURCE_ROOT; };
		04C825A11AEDA7FB00237635 /* HomeViewController.m */ = {isa = PBXFileReference; fileEncoding = 4; lastKnownFileType = sourcecode.c.objc; name = HomeViewController.m; path = MCSTabSplitter/Views/Home/HomeViewController.m; sourceTree = SOURCE_ROOT; };
		04FD49BF1AEDC58500D46DD2 /* Notifications.h */ = {isa = PBXFileReference; fileEncoding = 4; lastKnownFileType = sourcecode.c.h; name = Notifications.h; path = MCSTabSplitter/Controllers/Notifications/Notifications.h; sourceTree = SOURCE_ROOT; };
		04FD49C01AEDC58500D46DD2 /* Notifications.m */ = {isa = PBXFileReference; fileEncoding = 4; lastKnownFileType = sourcecode.c.objc; name = Notifications.m; path = MCSTabSplitter/Controllers/Notifications/Notifications.m; sourceTree = SOURCE_ROOT; };
		98400D091AF1256600686B62 /* Reachability.h */ = {isa = PBXFileReference; fileEncoding = 4; lastKnownFileType = sourcecode.c.h; name = Reachability.h; path = "MCSTabSplitter/Third Party/Reachability/Reachability.h"; sourceTree = SOURCE_ROOT; };
		98400D0A1AF1256600686B62 /* Reachability.m */ = {isa = PBXFileReference; fileEncoding = 4; lastKnownFileType = sourcecode.c.objc; name = Reachability.m; path = "MCSTabSplitter/Third Party/Reachability/Reachability.m"; sourceTree = SOURCE_ROOT; };
		987FCD531AEE6FE700A5D50D /* SettingsTableViewController.h */ = {isa = PBXFileReference; fileEncoding = 4; lastKnownFileType = sourcecode.c.h; name = SettingsTableViewController.h; path = MCSTabSplitter/Views/Settings/SettingsTableViewController.h; sourceTree = SOURCE_ROOT; };
		987FCD541AEE6FE700A5D50D /* SettingsTableViewController.m */ = {isa = PBXFileReference; fileEncoding = 4; lastKnownFileType = sourcecode.c.objc; name = SettingsTableViewController.m; path = MCSTabSplitter/Views/Settings/SettingsTableViewController.m; sourceTree = SOURCE_ROOT; };
		987FCD561AEE8F3B00A5D50D /* ContactsTableViewController.h */ = {isa = PBXFileReference; fileEncoding = 4; lastKnownFileType = sourcecode.c.h; name = ContactsTableViewController.h; path = MCSTabSplitter/Views/Contacts/ContactsTableViewController.h; sourceTree = SOURCE_ROOT; };
		987FCD571AEE8F3B00A5D50D /* ContactsTableViewController.m */ = {isa = PBXFileReference; fileEncoding = 4; lastKnownFileType = sourcecode.c.objc; name = ContactsTableViewController.m; path = MCSTabSplitter/Views/Contacts/ContactsTableViewController.m; sourceTree = SOURCE_ROOT; };
		98805F7D1AECAB8E00EB2A05 /* FBSDKCoreKit.framework */ = {isa = PBXFileReference; lastKnownFileType = wrapper.framework; name = FBSDKCoreKit.framework; path = MCSTabSplitter/Frameworks/FBSDKCoreKit.framework; sourceTree = SOURCE_ROOT; };
		98805F7E1AECAB8E00EB2A05 /* FBSDKLoginKit.framework */ = {isa = PBXFileReference; lastKnownFileType = wrapper.framework; name = FBSDKLoginKit.framework; path = MCSTabSplitter/Frameworks/FBSDKLoginKit.framework; sourceTree = SOURCE_ROOT; };
		98805F7F1AECAB8E00EB2A05 /* FBSDKShareKit.framework */ = {isa = PBXFileReference; lastKnownFileType = wrapper.framework; name = FBSDKShareKit.framework; path = MCSTabSplitter/Frameworks/FBSDKShareKit.framework; sourceTree = SOURCE_ROOT; };
		98A4438C1AEA8ECE00339D0E /* TSAccount.h */ = {isa = PBXFileReference; fileEncoding = 4; lastKnownFileType = sourcecode.c.h; name = TSAccount.h; path = MCSTabSplitter/Models/General/TSAccount.h; sourceTree = SOURCE_ROOT; };
		98A4438D1AEA8ECE00339D0E /* TSAccount.m */ = {isa = PBXFileReference; fileEncoding = 4; lastKnownFileType = sourcecode.c.objc; name = TSAccount.m; path = MCSTabSplitter/Models/General/TSAccount.m; sourceTree = SOURCE_ROOT; };
		98A4438E1AEA8ECE00339D0E /* TSItem.h */ = {isa = PBXFileReference; fileEncoding = 4; lastKnownFileType = sourcecode.c.h; name = TSItem.h; path = MCSTabSplitter/Models/General/TSItem.h; sourceTree = SOURCE_ROOT; };
		98A4438F1AEA8ECE00339D0E /* TSItem.m */ = {isa = PBXFileReference; fileEncoding = 4; lastKnownFileType = sourcecode.c.objc; name = TSItem.m; path = MCSTabSplitter/Models/General/TSItem.m; sourceTree = SOURCE_ROOT; };
		98A443901AEA8ECE00339D0E /* TSTab.h */ = {isa = PBXFileReference; fileEncoding = 4; lastKnownFileType = sourcecode.c.h; name = TSTab.h; path = MCSTabSplitter/Models/General/TSTab.h; sourceTree = SOURCE_ROOT; };
		98A443911AEA8ECE00339D0E /* TSTab.m */ = {isa = PBXFileReference; fileEncoding = 4; lastKnownFileType = sourcecode.c.objc; name = TSTab.m; path = MCSTabSplitter/Models/General/TSTab.m; sourceTree = SOURCE_ROOT; };
		98A443921AEA8ECE00339D0E /* TSTransaction.h */ = {isa = PBXFileReference; fileEncoding = 4; lastKnownFileType = sourcecode.c.h; name = TSTransaction.h; path = MCSTabSplitter/Models/General/TSTransaction.h; sourceTree = SOURCE_ROOT; };
		98A443931AEA8ECE00339D0E /* TSTransaction.m */ = {isa = PBXFileReference; fileEncoding = 4; lastKnownFileType = sourcecode.c.objc; name = TSTransaction.m; path = MCSTabSplitter/Models/General/TSTransaction.m; sourceTree = SOURCE_ROOT; };
		98A443981AEA92BD00339D0E /* TSUserTabSplit.h */ = {isa = PBXFileReference; fileEncoding = 4; lastKnownFileType = sourcecode.c.h; name = TSUserTabSplit.h; path = MCSTabSplitter/Models/General/TSUserTabSplit.h; sourceTree = SOURCE_ROOT; };
		98A443991AEA92BD00339D0E /* TSUserTabSplit.m */ = {isa = PBXFileReference; fileEncoding = 4; lastKnownFileType = sourcecode.c.objc; name = TSUserTabSplit.m; path = MCSTabSplitter/Models/General/TSUserTabSplit.m; sourceTree = SOURCE_ROOT; };
		98BE94221AED3E0F003BB045 /* TSFacebookController.h */ = {isa = PBXFileReference; fileEncoding = 4; lastKnownFileType = sourcecode.c.h; name = TSFacebookController.h; path = MCSTabSplitter/Singletons/TSFacebookController.h; sourceTree = SOURCE_ROOT; };
		98BE94231AED3E0F003BB045 /* TSFacebookController.m */ = {isa = PBXFileReference; fileEncoding = 4; lastKnownFileType = sourcecode.c.objc; name = TSFacebookController.m; path = MCSTabSplitter/Singletons/TSFacebookController.m; sourceTree = SOURCE_ROOT; };
		98BE94251AED4460003BB045 /* AddressBook.framework */ = {isa = PBXFileReference; lastKnownFileType = wrapper.framework; name = AddressBook.framework; path = System/Library/Frameworks/AddressBook.framework; sourceTree = SDKROOT; };
		98BE94271AED4866003BB045 /* TSContactsManager.h */ = {isa = PBXFileReference; fileEncoding = 4; lastKnownFileType = sourcecode.c.h; name = TSContactsManager.h; path = MCSTabSplitter/Singletons/TSContactsManager.h; sourceTree = SOURCE_ROOT; };
		98BE94281AED4866003BB045 /* TSContactsManager.m */ = {isa = PBXFileReference; fileEncoding = 4; lastKnownFileType = sourcecode.c.objc; name = TSContactsManager.m; path = MCSTabSplitter/Singletons/TSContactsManager.m; sourceTree = SOURCE_ROOT; };
		98F93F1E1AE15DF700BD514F /* MCSTabSplitter.app */ = {isa = PBXFileReference; explicitFileType = wrapper.application; includeInIndex = 0; path = MCSTabSplitter.app; sourceTree = BUILT_PRODUCTS_DIR; };
		98F93F291AE15DF700BD514F /* MCSTabSplitter.xcdatamodel */ = {isa = PBXFileReference; lastKnownFileType = wrapper.xcdatamodel; path = MCSTabSplitter.xcdatamodel; sourceTree = "<group>"; };
		98F93F3A1AE15DF700BD514F /* MCSTabSplitterTests.xctest */ = {isa = PBXFileReference; explicitFileType = wrapper.cfbundle; includeInIndex = 0; path = MCSTabSplitterTests.xctest; sourceTree = BUILT_PRODUCTS_DIR; };
/* End PBXFileReference section */

/* Begin PBXFrameworksBuildPhase section */
		98F93F1B1AE15DF700BD514F /* Frameworks */ = {
			isa = PBXFrameworksBuildPhase;
			buildActionMask = 2147483647;
			files = (
				98BE94261AED4460003BB045 /* AddressBook.framework in Frameworks */,
				98805F811AECAB8E00EB2A05 /* FBSDKLoginKit.framework in Frameworks */,
				98805F801AECAB8E00EB2A05 /* FBSDKCoreKit.framework in Frameworks */,
				98805F821AECAB8E00EB2A05 /* FBSDKShareKit.framework in Frameworks */,
				04C825921AECB3B300237635 /* Bolts.framework in Frameworks */,
			);
			runOnlyForDeploymentPostprocessing = 0;
		};
		98F93F371AE15DF700BD514F /* Frameworks */ = {
			isa = PBXFrameworksBuildPhase;
			buildActionMask = 2147483647;
			files = (
			);
			runOnlyForDeploymentPostprocessing = 0;
		};
/* End PBXFrameworksBuildPhase section */

/* Begin PBXGroup section */
		0483ECF51AED3C0900BD6DFC /* Tabs */ = {
			isa = PBXGroup;
			children = (
				0483ECF61AED3C7C00BD6DFC /* TSTabController.h */,
				0483ECF71AED3C7C00BD6DFC /* TSTabController.m */,
			);
			name = Tabs;
			sourceTree = "<group>";
		};
		049B12C31AE56C2B002A8800 /* StaticDataTableViewController */ = {
			isa = PBXGroup;
			children = (
				048097F61AE7FBF400C6DB14 /* StaticDataTableViewController.h */,
				048097F71AE7FBF400C6DB14 /* StaticDataTableViewController.m */,
			);
			name = StaticDataTableViewController;
			path = "Third Party/StaticDataTableViewController";
			sourceTree = "<group>";
		};
		049B12C71AE5F3A7002A8800 /* Definitions */ = {
			isa = PBXGroup;
			children = (
				048097C51AE7F9BB00C6DB14 /* TSDefinitions.h */,
				048097C61AE7F9BB00C6DB14 /* TSDefinitions.m */,
			);
			name = Definitions;
			sourceTree = "<group>";
		};
		049B12CB1AE5F7DF002A8800 /* General */ = {
			isa = PBXGroup;
			children = (
				048097CA1AE7F9DE00C6DB14 /* TSCurrency.h */,
				048097CB1AE7F9DE00C6DB14 /* TSCurrency.m */,
				98A4438C1AEA8ECE00339D0E /* TSAccount.h */,
				98A4438D1AEA8ECE00339D0E /* TSAccount.m */,
				98A4438E1AEA8ECE00339D0E /* TSItem.h */,
				98A4438F1AEA8ECE00339D0E /* TSItem.m */,
				98A443901AEA8ECE00339D0E /* TSTab.h */,
				98A443911AEA8ECE00339D0E /* TSTab.m */,
				98A443921AEA8ECE00339D0E /* TSTransaction.h */,
				98A443931AEA8ECE00339D0E /* TSTransaction.m */,
				98A443981AEA92BD00339D0E /* TSUserTabSplit.h */,
				98A443991AEA92BD00339D0E /* TSUserTabSplit.m */,
			);
			name = General;
			sourceTree = "<group>";
		};
		04C8259F1AEDA79600237635 /* Home */ = {
			isa = PBXGroup;
			children = (
				04C825A01AEDA7FB00237635 /* HomeViewController.h */,
				04C825A11AEDA7FB00237635 /* HomeViewController.m */,
			);
			name = Home;
			sourceTree = "<group>";
		};
		04C825A31AEDAACE00237635 /* Settings */ = {
			isa = PBXGroup;
			children = (
				987FCD531AEE6FE700A5D50D /* SettingsTableViewController.h */,
				987FCD541AEE6FE700A5D50D /* SettingsTableViewController.m */,
			);
			name = Settings;
			sourceTree = "<group>";
		};
		98400D081AF1254500686B62 /* Reachability */ = {
			isa = PBXGroup;
			children = (
				98400D091AF1256600686B62 /* Reachability.h */,
				98400D0A1AF1256600686B62 /* Reachability.m */,
			);
			name = Reachability;
			sourceTree = "<group>";
		};
		98F93F151AE15DF700BD514F = {
			isa = PBXGroup;
			children = (
				98F93F201AE15DF700BD514F /* MCSTabSplitter */,
				98F93F3D1AE15DF700BD514F /* MCSTabSplitterTests */,
				98F93F1F1AE15DF700BD514F /* Products */,
			);
			sourceTree = "<group>";
		};
		98F93F1F1AE15DF700BD514F /* Products */ = {
			isa = PBXGroup;
			children = (
				98F93F1E1AE15DF700BD514F /* MCSTabSplitter.app */,
				98F93F3A1AE15DF700BD514F /* MCSTabSplitterTests.xctest */,
			);
			name = Products;
			sourceTree = "<group>";
		};
		98F93F201AE15DF700BD514F /* MCSTabSplitter */ = {
			isa = PBXGroup;
			children = (
				048097F21AE7FBC500C6DB14 /* LaunchScreen.xib */,
				048097F31AE7FBC500C6DB14 /* Main.storyboard */,
				048097D91AE7FB3B00C6DB14 /* AppDelegate.h */,
				048097DA1AE7FB3B00C6DB14 /* AppDelegate.m */,
				048097DB1AE7FB3B00C6DB14 /* Images.xcassets */,
				98F93F861AE161D900BD514F /* Singletons */,
				98F93F501AE1600500BD514F /* Resources */,
				98F93F4A1AE15EFE00BD514F /* Models */,
				98F93F4B1AE15F0A00BD514F /* Views */,
				98F93F4F1AE15FDC00BD514F /* Controllers */,
				98F93F4C1AE15F2D00BD514F /* Third Party */,
				98F93F511AE1605400BD514F /* Frameworks */,
				98F93F211AE15DF700BD514F /* Supporting Files */,
			);
			name = MCSTabSplitter;
			path = MCSFareSplitter;
			sourceTree = "<group>";
		};
		98F93F211AE15DF700BD514F /* Supporting Files */ = {
			isa = PBXGroup;
			children = (
				048097F91AE7FC1A00C6DB14 /* Info.plist */,
				048097FA1AE7FC1A00C6DB14 /* main.m */,
			);
			name = "Supporting Files";
			sourceTree = "<group>";
		};
		98F93F3D1AE15DF700BD514F /* MCSTabSplitterTests */ = {
			isa = PBXGroup;
			children = (
				048098031AE7FD1100C6DB14 /* MCSFareSplitterTests.m */,
				048098041AE7FD1100C6DB14 /* SplitterTests.m */,
				98F93F3E1AE15DF700BD514F /* Supporting Files */,
			);
			name = MCSTabSplitterTests;
			path = MCSFareSplitterTests;
			sourceTree = "<group>";
		};
		98F93F3E1AE15DF700BD514F /* Supporting Files */ = {
			isa = PBXGroup;
			children = (
				048098011AE7FC4A00C6DB14 /* Info.plist */,
			);
			name = "Supporting Files";
			sourceTree = "<group>";
		};
		98F93F4A1AE15EFE00BD514F /* Models */ = {
			isa = PBXGroup;
			children = (
				049B12CB1AE5F7DF002A8800 /* General */,
				98F93F841AE1618700BD514F /* Payments */,
				98F93F4E1AE15F8500BD514F /* Core Data */,
				98F93F4D1AE15F6C00BD514F /* Data Manager */,
			);
			name = Models;
			sourceTree = "<group>";
		};
		98F93F4B1AE15F0A00BD514F /* Views */ = {
			isa = PBXGroup;
			children = (
				04C825A31AEDAACE00237635 /* Settings */,
				04C8259F1AEDA79600237635 /* Home */,
				98F93F931AE1655A00BD514F /* Login */,
				98F93F551AE1609700BD514F /* Contacts */,
				98F93F541AE1609000BD514F /* User */,
				98F93F531AE1608800BD514F /* Payments */,
				98F93F521AE1607F00BD514F /* Tabs */,
			);
			name = Views;
			sourceTree = "<group>";
		};
		98F93F4C1AE15F2D00BD514F /* Third Party */ = {
			isa = PBXGroup;
			children = (
				98400D081AF1254500686B62 /* Reachability */,
				049B12C31AE56C2B002A8800 /* StaticDataTableViewController */,
			);
			name = "Third Party";
			sourceTree = "<group>";
		};
		98F93F4D1AE15F6C00BD514F /* Data Manager */ = {
			isa = PBXGroup;
			children = (
				048097CD1AE7F9F900C6DB14 /* TSTabUser.h */,
				048097CE1AE7F9F900C6DB14 /* TSTabUser.m */,
				048097CF1AE7F9F900C6DB14 /* TSUser.h */,
				048097D01AE7F9F900C6DB14 /* TSUser.m */,
			);
			name = "Data Manager";
			sourceTree = "<group>";
		};
		98F93F4E1AE15F8500BD514F /* Core Data */ = {
			isa = PBXGroup;
			children = (
				98F93F281AE15DF700BD514F /* MCSTabSplitter.xcdatamodeld */,
			);
			name = "Core Data";
			sourceTree = "<group>";
		};
		98F93F4F1AE15FDC00BD514F /* Controllers */ = {
			isa = PBXGroup;
			children = (
				0483ECF51AED3C0900BD6DFC /* Tabs */,
				98F93F8A1AE1631100BD514F /* Splitter */,
				98F93F851AE161A500BD514F /* Notifications */,
				98F93F831AE1617C00BD514F /* Payments */,
				98F93F561AE160B300BD514F /* User Management */,
			);
			name = Controllers;
			sourceTree = "<group>";
		};
		98F93F501AE1600500BD514F /* Resources */ = {
			isa = PBXGroup;
			children = (
				049B12C71AE5F3A7002A8800 /* Definitions */,
				98F93F8B1AE1634A00BD514F /* Localization */,
			);
			name = Resources;
			sourceTree = "<group>";
		};
		98F93F511AE1605400BD514F /* Frameworks */ = {
			isa = PBXGroup;
			children = (
				98BE94251AED4460003BB045 /* AddressBook.framework */,
				04C825911AECB3B300237635 /* Bolts.framework */,
				98805F7D1AECAB8E00EB2A05 /* FBSDKCoreKit.framework */,
				98805F7E1AECAB8E00EB2A05 /* FBSDKLoginKit.framework */,
				98805F7F1AECAB8E00EB2A05 /* FBSDKShareKit.framework */,
			);
			name = Frameworks;
			sourceTree = "<group>";
		};
		98F93F521AE1607F00BD514F /* Tabs */ = {
			isa = PBXGroup;
			children = (
				048097D31AE7FA4B00C6DB14 /* FormBillTableViewController.h */,
				048097D41AE7FA4B00C6DB14 /* FormBillTableViewController.m */,
				04C825851AE941F000237635 /* FriendsInTabViewController.h */,
				04C825861AE941F000237635 /* FriendsInTabViewController.m */,
				04C8258B1AECAE3D00237635 /* SplitTabViewController.h */,
				04C8258C1AECAE3D00237635 /* SplitTabViewController.m */,
				04C825931AED43E300237635 /* SplitAmountTabTableViewCell.h */,
				04C825941AED43E300237635 /* SplitAmountTabTableViewCell.m */,
				04C825961AED505C00237635 /* SplitByAmountTableViewCell.h */,
				04C825971AED505C00237635 /* SplitByAmountTableViewCell.m */,
				04C825991AED507D00237635 /* SplitByPercentageTableViewCell.h */,
				04C8259A1AED507D00237635 /* SplitByPercentageTableViewCell.m */,
				04C8259C1AED50A100237635 /* SplitByItemsTableViewCell.h */,
				04C8259D1AED50A100237635 /* SplitByItemsTableViewCell.m */,
				0483ECF91AEDAD3900BD6DFC /* TabsViewController.h */,
				0483ECFA1AEDAD3900BD6DFC /* TabsViewController.m */,
			);
			name = Tabs;
			sourceTree = "<group>";
		};
		98F93F531AE1608800BD514F /* Payments */ = {
			isa = PBXGroup;
			children = (
			);
			name = Payments;
			sourceTree = "<group>";
		};
		98F93F541AE1609000BD514F /* User */ = {
			isa = PBXGroup;
			children = (
			);
			name = User;
			sourceTree = "<group>";
		};
		98F93F551AE1609700BD514F /* Contacts */ = {
			isa = PBXGroup;
			children = (
				987FCD561AEE8F3B00A5D50D /* ContactsTableViewController.h */,
				987FCD571AEE8F3B00A5D50D /* ContactsTableViewController.m */,
			);
			name = Contacts;
			sourceTree = "<group>";
		};
		98F93F561AE160B300BD514F /* User Management */ = {
			isa = PBXGroup;
			children = (
			);
			name = "User Management";
			sourceTree = "<group>";
		};
		98F93F831AE1617C00BD514F /* Payments */ = {
			isa = PBXGroup;
			children = (
			);
			name = Payments;
			sourceTree = "<group>";
		};
		98F93F841AE1618700BD514F /* Payments */ = {
			isa = PBXGroup;
			children = (
			);
			name = Payments;
			sourceTree = "<group>";
		};
		98F93F851AE161A500BD514F /* Notifications */ = {
			isa = PBXGroup;
			children = (
				04FD49BF1AEDC58500D46DD2 /* Notifications.h */,
				04FD49C01AEDC58500D46DD2 /* Notifications.m */,
			);
			name = Notifications;
			sourceTree = "<group>";
		};
		98F93F861AE161D900BD514F /* Singletons */ = {
			isa = PBXGroup;
			children = (
				98BE94221AED3E0F003BB045 /* TSFacebookController.h */,
				98BE94231AED3E0F003BB045 /* TSFacebookController.m */,
				048097BF1AE7F9A800C6DB14 /* DataManager.h */,
				048097C01AE7F9A800C6DB14 /* DataManager.m */,
				048097C11AE7F9A800C6DB14 /* TSUtilities.h */,
				048097C21AE7F9A800C6DB14 /* TSUtilities.m */,
				98BE94271AED4866003BB045 /* TSContactsManager.h */,
				98BE94281AED4866003BB045 /* TSContactsManager.m */,
			);
			name = Singletons;
			sourceTree = "<group>";
		};
		98F93F8A1AE1631100BD514F /* Splitter */ = {
			isa = PBXGroup;
			children = (
				048097D61AE7FA9500C6DB14 /* TSSplitController.h */,
				048097D71AE7FA9500C6DB14 /* TSSplitController.m */,
			);
			name = Splitter;
			sourceTree = "<group>";
		};
		98F93F8B1AE1634A00BD514F /* Localization */ = {
			isa = PBXGroup;
			children = (
				048097C81AE7F9C500C6DB14 /* Localizable.strings */,
			);
			name = Localization;
			sourceTree = "<group>";
		};
		98F93F931AE1655A00BD514F /* Login */ = {
			isa = PBXGroup;
			children = (
				04C8258E1AECAE9600237635 /* TSLoginViewController.h */,
				04C8258F1AECAE9600237635 /* TSLoginViewController.m */,
			);
			name = Login;
			sourceTree = "<group>";
		};
/* End PBXGroup section */

/* Begin PBXNativeTarget section */
		98F93F1D1AE15DF700BD514F /* MCSTabSplitter */ = {
			isa = PBXNativeTarget;
			buildConfigurationList = 98F93F441AE15DF700BD514F /* Build configuration list for PBXNativeTarget "MCSTabSplitter" */;
			buildPhases = (
				98F93F1A1AE15DF700BD514F /* Sources */,
				98F93F1B1AE15DF700BD514F /* Frameworks */,
				98F93F1C1AE15DF700BD514F /* Resources */,
				98F93F821AE1613F00BD514F /* Embed App Extensions */,
			);
			buildRules = (
			);
			dependencies = (
			);
			name = MCSTabSplitter;
			productName = MCSFareSplitter;
			productReference = 98F93F1E1AE15DF700BD514F /* MCSTabSplitter.app */;
			productType = "com.apple.product-type.application";
		};
		98F93F391AE15DF700BD514F /* MCSTabSplitterTests */ = {
			isa = PBXNativeTarget;
			buildConfigurationList = 98F93F471AE15DF700BD514F /* Build configuration list for PBXNativeTarget "MCSTabSplitterTests" */;
			buildPhases = (
				98F93F361AE15DF700BD514F /* Sources */,
				98F93F371AE15DF700BD514F /* Frameworks */,
				98F93F381AE15DF700BD514F /* Resources */,
			);
			buildRules = (
			);
			dependencies = (
				98F93F3C1AE15DF700BD514F /* PBXTargetDependency */,
			);
			name = MCSTabSplitterTests;
			productName = MCSFareSplitterTests;
			productReference = 98F93F3A1AE15DF700BD514F /* MCSTabSplitterTests.xctest */;
			productType = "com.apple.product-type.bundle.unit-test";
		};
/* End PBXNativeTarget section */

/* Begin PBXProject section */
		98F93F161AE15DF700BD514F /* Project object */ = {
			isa = PBXProject;
			attributes = {
				LastUpgradeCheck = 0630;
				ORGANIZATIONNAME = MCS;
				TargetAttributes = {
					98F93F1D1AE15DF700BD514F = {
						CreatedOnToolsVersion = 6.3;
						DevelopmentTeam = VB9TB448N4;
					};
					98F93F391AE15DF700BD514F = {
						CreatedOnToolsVersion = 6.3;
						TestTargetID = 98F93F1D1AE15DF700BD514F;
					};
				};
			};
			buildConfigurationList = 98F93F191AE15DF700BD514F /* Build configuration list for PBXProject "MCSTabSplitter" */;
			compatibilityVersion = "Xcode 3.2";
			developmentRegion = English;
			hasScannedForEncodings = 0;
			knownRegions = (
				en,
				Base,
				"es-MX",
			);
			mainGroup = 98F93F151AE15DF700BD514F;
			productRefGroup = 98F93F1F1AE15DF700BD514F /* Products */;
			projectDirPath = "";
			projectRoot = "";
			targets = (
				98F93F1D1AE15DF700BD514F /* MCSTabSplitter */,
				98F93F391AE15DF700BD514F /* MCSTabSplitterTests */,
			);
		};
/* End PBXProject section */

/* Begin PBXResourcesBuildPhase section */
		98F93F1C1AE15DF700BD514F /* Resources */ = {
			isa = PBXResourcesBuildPhase;
			buildActionMask = 2147483647;
			files = (
				048097C91AE7F9C500C6DB14 /* Localizable.strings in Resources */,
				048097F41AE7FBC500C6DB14 /* LaunchScreen.xib in Resources */,
				048098021AE7FC4A00C6DB14 /* Info.plist in Resources */,
				048097DD1AE7FB3B00C6DB14 /* Images.xcassets in Resources */,
				048097FB1AE7FC1A00C6DB14 /* Info.plist in Resources */,
				048097F51AE7FBC500C6DB14 /* Main.storyboard in Resources */,
			);
			runOnlyForDeploymentPostprocessing = 0;
		};
		98F93F381AE15DF700BD514F /* Resources */ = {
			isa = PBXResourcesBuildPhase;
			buildActionMask = 2147483647;
			files = (
			);
			runOnlyForDeploymentPostprocessing = 0;
		};
/* End PBXResourcesBuildPhase section */

/* Begin PBXSourcesBuildPhase section */
		98F93F1A1AE15DF700BD514F /* Sources */ = {
			isa = PBXSourcesBuildPhase;
			buildActionMask = 2147483647;
			files = (
				98A443961AEA8ECE00339D0E /* TSTab.m in Sources */,
				048097CC1AE7F9DE00C6DB14 /* TSCurrency.m in Sources */,
				04C8259E1AED50A100237635 /* SplitByItemsTableViewCell.m in Sources */,
				04FD49C11AEDC58500D46DD2 /* Notifications.m in Sources */,
				98F93F2A1AE15DF700BD514F /* MCSTabSplitter.xcdatamodeld in Sources */,
				048097D11AE7F9F900C6DB14 /* TSTabUser.m in Sources */,
				048097F81AE7FBF400C6DB14 /* StaticDataTableViewController.m in Sources */,
				048097D81AE7FA9500C6DB14 /* TSSplitController.m in Sources */,
				048097C71AE7F9BB00C6DB14 /* TSDefinitions.m in Sources */,
				98BE94291AED4866003BB045 /* TSContactsManager.m in Sources */,
				04C825871AE941F000237635 /* FriendsInTabViewController.m in Sources */,
				048097D51AE7FA4B00C6DB14 /* FormBillTableViewController.m in Sources */,
				048097DC1AE7FB3B00C6DB14 /* AppDelegate.m in Sources */,
				0483ECF81AED3C7C00BD6DFC /* TSTabController.m in Sources */,
				98A443951AEA8ECE00339D0E /* TSItem.m in Sources */,
				048097C41AE7F9A800C6DB14 /* TSUtilities.m in Sources */,
				98400D0B1AF1256600686B62 /* Reachability.m in Sources */,
				98A4439A1AEA92BD00339D0E /* TSUserTabSplit.m in Sources */,
				04C825951AED43E300237635 /* SplitAmountTabTableViewCell.m in Sources */,
				04C8259B1AED507D00237635 /* SplitByPercentageTableViewCell.m in Sources */,
				98A443941AEA8ECE00339D0E /* TSAccount.m in Sources */,
				04C825981AED505C00237635 /* SplitByAmountTableViewCell.m in Sources */,
				04C8258D1AECAE3D00237635 /* SplitTabViewController.m in Sources */,
				048097D21AE7F9F900C6DB14 /* TSUser.m in Sources */,
				048097FC1AE7FC1A00C6DB14 /* main.m in Sources */,
				04C825901AECAE9600237635 /* TSLoginViewController.m in Sources */,
				04C825A21AEDA7FB00237635 /* HomeViewController.m in Sources */,
				048097C31AE7F9A800C6DB14 /* DataManager.m in Sources */,
				0483ECFB1AEDAD3900BD6DFC /* TabsViewController.m in Sources */,
				98BE94241AED3E0F003BB045 /* TSFacebookController.m in Sources */,
				987FCD551AEE6FE700A5D50D /* SettingsTableViewController.m in Sources */,
				987FCD581AEE8F3B00A5D50D /* ContactsTableViewController.m in Sources */,
				98A443971AEA8ECE00339D0E /* TSTransaction.m in Sources */,
			);
			runOnlyForDeploymentPostprocessing = 0;
		};
		98F93F361AE15DF700BD514F /* Sources */ = {
			isa = PBXSourcesBuildPhase;
			buildActionMask = 2147483647;
			files = (
				048098061AE7FD1100C6DB14 /* SplitterTests.m in Sources */,
				048098051AE7FD1100C6DB14 /* MCSFareSplitterTests.m in Sources */,
			);
			runOnlyForDeploymentPostprocessing = 0;
		};
/* End PBXSourcesBuildPhase section */

/* Begin PBXTargetDependency section */
		98F93F3C1AE15DF700BD514F /* PBXTargetDependency */ = {
			isa = PBXTargetDependency;
			target = 98F93F1D1AE15DF700BD514F /* MCSTabSplitter */;
			targetProxy = 98F93F3B1AE15DF700BD514F /* PBXContainerItemProxy */;
		};
/* End PBXTargetDependency section */

/* Begin XCBuildConfiguration section */
		98F93F421AE15DF700BD514F /* Debug */ = {
			isa = XCBuildConfiguration;
			buildSettings = {
				ALWAYS_SEARCH_USER_PATHS = NO;
				CLANG_CXX_LANGUAGE_STANDARD = "gnu++0x";
				CLANG_CXX_LIBRARY = "libc++";
				CLANG_ENABLE_MODULES = YES;
				CLANG_ENABLE_OBJC_ARC = YES;
				CLANG_WARN_BOOL_CONVERSION = YES;
				CLANG_WARN_CONSTANT_CONVERSION = YES;
				CLANG_WARN_DIRECT_OBJC_ISA_USAGE = YES_ERROR;
				CLANG_WARN_EMPTY_BODY = YES;
				CLANG_WARN_ENUM_CONVERSION = YES;
				CLANG_WARN_INT_CONVERSION = YES;
				CLANG_WARN_OBJC_ROOT_CLASS = YES_ERROR;
				CLANG_WARN_UNREACHABLE_CODE = YES;
				CLANG_WARN__DUPLICATE_METHOD_MATCH = YES;
				"CODE_SIGN_IDENTITY[sdk=iphoneos*]" = "iPhone Developer";
				COPY_PHASE_STRIP = NO;
				DEBUG_INFORMATION_FORMAT = "dwarf-with-dsym";
				ENABLE_STRICT_OBJC_MSGSEND = YES;
				GCC_C_LANGUAGE_STANDARD = gnu99;
				GCC_DYNAMIC_NO_PIC = NO;
				GCC_NO_COMMON_BLOCKS = YES;
				GCC_OPTIMIZATION_LEVEL = 0;
				GCC_PREPROCESSOR_DEFINITIONS = (
					"DEBUG=1",
					"$(inherited)",
				);
				GCC_SYMBOLS_PRIVATE_EXTERN = NO;
				GCC_WARN_64_TO_32_BIT_CONVERSION = YES;
				GCC_WARN_ABOUT_RETURN_TYPE = YES_ERROR;
				GCC_WARN_UNDECLARED_SELECTOR = YES;
				GCC_WARN_UNINITIALIZED_AUTOS = YES_AGGRESSIVE;
				GCC_WARN_UNUSED_FUNCTION = YES;
				GCC_WARN_UNUSED_VARIABLE = YES;
				IPHONEOS_DEPLOYMENT_TARGET = 8.3;
				MTL_ENABLE_DEBUG_INFO = YES;
				ONLY_ACTIVE_ARCH = YES;
				SDKROOT = iphoneos;
				TARGETED_DEVICE_FAMILY = "1,2";
			};
			name = Debug;
		};
		98F93F431AE15DF700BD514F /* Release */ = {
			isa = XCBuildConfiguration;
			buildSettings = {
				ALWAYS_SEARCH_USER_PATHS = NO;
				CLANG_CXX_LANGUAGE_STANDARD = "gnu++0x";
				CLANG_CXX_LIBRARY = "libc++";
				CLANG_ENABLE_MODULES = YES;
				CLANG_ENABLE_OBJC_ARC = YES;
				CLANG_WARN_BOOL_CONVERSION = YES;
				CLANG_WARN_CONSTANT_CONVERSION = YES;
				CLANG_WARN_DIRECT_OBJC_ISA_USAGE = YES_ERROR;
				CLANG_WARN_EMPTY_BODY = YES;
				CLANG_WARN_ENUM_CONVERSION = YES;
				CLANG_WARN_INT_CONVERSION = YES;
				CLANG_WARN_OBJC_ROOT_CLASS = YES_ERROR;
				CLANG_WARN_UNREACHABLE_CODE = YES;
				CLANG_WARN__DUPLICATE_METHOD_MATCH = YES;
				"CODE_SIGN_IDENTITY[sdk=iphoneos*]" = "iPhone Developer";
				COPY_PHASE_STRIP = NO;
				DEBUG_INFORMATION_FORMAT = "dwarf-with-dsym";
				ENABLE_NS_ASSERTIONS = NO;
				ENABLE_STRICT_OBJC_MSGSEND = YES;
				GCC_C_LANGUAGE_STANDARD = gnu99;
				GCC_NO_COMMON_BLOCKS = YES;
				GCC_WARN_64_TO_32_BIT_CONVERSION = YES;
				GCC_WARN_ABOUT_RETURN_TYPE = YES_ERROR;
				GCC_WARN_UNDECLARED_SELECTOR = YES;
				GCC_WARN_UNINITIALIZED_AUTOS = YES_AGGRESSIVE;
				GCC_WARN_UNUSED_FUNCTION = YES;
				GCC_WARN_UNUSED_VARIABLE = YES;
				IPHONEOS_DEPLOYMENT_TARGET = 8.3;
				MTL_ENABLE_DEBUG_INFO = NO;
				SDKROOT = iphoneos;
				TARGETED_DEVICE_FAMILY = "1,2";
				VALIDATE_PRODUCT = YES;
			};
			name = Release;
		};
		98F93F451AE15DF700BD514F /* Debug */ = {
			isa = XCBuildConfiguration;
			buildSettings = {
				ASSETCATALOG_COMPILER_APPICON_NAME = AppIcon;
				CLANG_ALLOW_NON_MODULAR_INCLUDES_IN_FRAMEWORK_MODULES = YES;
				CODE_SIGN_IDENTITY = "iPhone Developer";
				"CODE_SIGN_IDENTITY[sdk=iphoneos*]" = "iPhone Developer";
				FRAMEWORK_SEARCH_PATHS = (
					"$(inherited)",
					"$(PROJECT_DIR)",
					"$(PROJECT_DIR)/MCSTabSplitter/Frameworks",
					/Users/BloqMACR/Documents/FacebookSDK,
				);
				INFOPLIST_FILE = MCSTabSplitter/Info.plist;
				LD_RUNPATH_SEARCH_PATHS = "$(inherited) @executable_path/Frameworks";
				PRODUCT_NAME = "$(TARGET_NAME)";
				PROVISIONING_PROFILE = "";
				TARGETED_DEVICE_FAMILY = 1;
			};
			name = Debug;
		};
		98F93F461AE15DF700BD514F /* Release */ = {
			isa = XCBuildConfiguration;
			buildSettings = {
				ASSETCATALOG_COMPILER_APPICON_NAME = AppIcon;
				CLANG_ALLOW_NON_MODULAR_INCLUDES_IN_FRAMEWORK_MODULES = YES;
				CODE_SIGN_IDENTITY = "iPhone Developer";
				"CODE_SIGN_IDENTITY[sdk=iphoneos*]" = "iPhone Developer";
				FRAMEWORK_SEARCH_PATHS = (
					"$(inherited)",
					"$(PROJECT_DIR)",
					"$(PROJECT_DIR)/MCSTabSplitter/Frameworks",
					/Users/BloqMACR/Documents/FacebookSDK,
				);
				INFOPLIST_FILE = MCSTabSplitter/Info.plist;
				LD_RUNPATH_SEARCH_PATHS = "$(inherited) @executable_path/Frameworks";
				PRODUCT_NAME = "$(TARGET_NAME)";
				PROVISIONING_PROFILE = "";
				TARGETED_DEVICE_FAMILY = 1;
			};
			name = Release;
		};
		98F93F481AE15DF700BD514F /* Debug */ = {
			isa = XCBuildConfiguration;
			buildSettings = {
				BUNDLE_LOADER = "$(TEST_HOST)";
				CLANG_ALLOW_NON_MODULAR_INCLUDES_IN_FRAMEWORK_MODULES = YES;
				FRAMEWORK_SEARCH_PATHS = (
					"$(SDKROOT)/Developer/Library/Frameworks",
					"$(inherited)",
				);
				GCC_PREPROCESSOR_DEFINITIONS = (
					"DEBUG=1",
					"$(inherited)",
				);
				INFOPLIST_FILE = MCSTabSplitterTests/Info.plist;
				LD_RUNPATH_SEARCH_PATHS = "$(inherited) @executable_path/Frameworks @loader_path/Frameworks";
				PRODUCT_NAME = "$(TARGET_NAME)";
				TEST_HOST = "$(BUILT_PRODUCTS_DIR)/MCSTabSplitter.app/MCSTabSplitter";
			};
			name = Debug;
		};
		98F93F491AE15DF700BD514F /* Release */ = {
			isa = XCBuildConfiguration;
			buildSettings = {
				BUNDLE_LOADER = "$(TEST_HOST)";
				CLANG_ALLOW_NON_MODULAR_INCLUDES_IN_FRAMEWORK_MODULES = YES;
				FRAMEWORK_SEARCH_PATHS = (
					"$(SDKROOT)/Developer/Library/Frameworks",
					"$(inherited)",
				);
				INFOPLIST_FILE = MCSTabSplitterTests/Info.plist;
				LD_RUNPATH_SEARCH_PATHS = "$(inherited) @executable_path/Frameworks @loader_path/Frameworks";
				PRODUCT_NAME = "$(TARGET_NAME)";
				TEST_HOST = "$(BUILT_PRODUCTS_DIR)/MCSTabSplitter.app/MCSTabSplitter";
			};
			name = Release;
		};
/* End XCBuildConfiguration section */

/* Begin XCConfigurationList section */
		98F93F191AE15DF700BD514F /* Build configuration list for PBXProject "MCSTabSplitter" */ = {
			isa = XCConfigurationList;
			buildConfigurations = (
				98F93F421AE15DF700BD514F /* Debug */,
				98F93F431AE15DF700BD514F /* Release */,
			);
			defaultConfigurationIsVisible = 0;
			defaultConfigurationName = Release;
		};
		98F93F441AE15DF700BD514F /* Build configuration list for PBXNativeTarget "MCSTabSplitter" */ = {
			isa = XCConfigurationList;
			buildConfigurations = (
				98F93F451AE15DF700BD514F /* Debug */,
				98F93F461AE15DF700BD514F /* Release */,
			);
			defaultConfigurationIsVisible = 0;
			defaultConfigurationName = Release;
		};
		98F93F471AE15DF700BD514F /* Build configuration list for PBXNativeTarget "MCSTabSplitterTests" */ = {
			isa = XCConfigurationList;
			buildConfigurations = (
				98F93F481AE15DF700BD514F /* Debug */,
				98F93F491AE15DF700BD514F /* Release */,
			);
			defaultConfigurationIsVisible = 0;
			defaultConfigurationName = Release;
		};
/* End XCConfigurationList section */

/* Begin XCVersionGroup section */
		98F93F281AE15DF700BD514F /* MCSTabSplitter.xcdatamodeld */ = {
			isa = XCVersionGroup;
			children = (
				98F93F291AE15DF700BD514F /* MCSTabSplitter.xcdatamodel */,
			);
			currentVersion = 98F93F291AE15DF700BD514F /* MCSTabSplitter.xcdatamodel */;
			path = MCSTabSplitter.xcdatamodeld;
			sourceTree = "<group>";
			versionGroupType = wrapper.xcdatamodel;
		};
/* End XCVersionGroup section */
	};
	rootObject = 98F93F161AE15DF700BD514F /* Project object */;
}
